
Microsoft Visual Studio Solution File, Format Version 12.00
# Visual Studio Version 16
VisualStudioVersion = 16.0.30717.126
MinimumVisualStudioVersion = 10.0.40219.1
Project("{FAE04EC0-301F-11D3-BF4B-00C04F79EFBC}") = "Sixth", "Sixth\Sixth.csproj", "{FBAE8814-BDAA-4B08-A573-2226DE8AEFA4}"
EndProject
Global
	GlobalSection(SolutionConfigurationPlatforms) = preSolution
		Debug|Any CPU = Debug|Any CPU
		Release|Any CPU = Release|Any CPU
	EndGlobalSection
	GlobalSection(ProjectConfigurationPlatforms) = postSolution
		{FBAE8814-BDAA-4B08-A573-2226DE8AEFA4}.Debug|Any CPU.ActiveCfg = Debug|Any CPU
		{FBAE8814-BDAA-4B08-A573-2226DE8AEFA4}.Debug|Any CPU.Build.0 = Debug|Any CPU
		{FBAE8814-BDAA-4B08-A573-2226DE8AEFA4}.Release|Any CPU.ActiveCfg = Release|Any CPU
		{FBAE8814-BDAA-4B08-A573-2226DE8AEFA4}.Release|Any CPU.Build.0 = Release|Any CPU
	EndGlobalSection
	GlobalSection(SolutionProperties) = preSolution
		HideSolutionNode = FALSE
	EndGlobalSection
	GlobalSection(ExtensibilityGlobals) = postSolution
		SolutionGuid = {BB8E8ECB-6E1C-42AE-BB26-93EFE4444BB2}
	EndGlobalSection
EndGlobal
